
Microsoft Visual Studio Solution File, Format Version 12.00
# Visual Studio 15
VisualStudioVersion = 15.0.27130.2027
MinimumVisualStudioVersion = 10.0.40219.1
Project("{D954291E-2A0B-460D-934E-DC6B0785DB48}") = "WebMonitor", "WebMonitor.shproj", "{2B136B29-1209-4D63-B548-79E987EB6931}"
EndProject
Project("{9A19103F-16F7-4668-BE54-9A1E7A4F7556}") = "WebMonitor.Tests", "tests\WebMonitor.Tests\WebMonitor.Tests.csproj", "{D28D3FD0-C23A-4A05-B332-D25ADA41564F}"
EndProject
Project("{9A19103F-16F7-4668-BE54-9A1E7A4F7556}") = "WebMonitorApi", "src\api\WebMonitorApi\WebMonitorApi.csproj", "{FC1EC776-F386-498D-987B-BC9E361C95B9}"
EndProject
Project("{9A19103F-16F7-4668-BE54-9A1E7A4F7556}") = "Monitor", "src\monitor\Monitor\Monitor.csproj", "{4D670885-C522-42EF-AB57-6E787985D4F8}"
EndProject
Project("{2150E333-8FDC-42A3-9474-1A3956D46DE8}") = "Solution Items", "Solution Items", "{21824B06-2750-4D9F-A7A5-7B7D8223E92A}"
	ProjectSection(SolutionItems) = preProject
		Dockerfile = Dockerfile
	EndProjectSection
EndProject
Global
	GlobalSection(SharedMSBuildProjectFiles) = preSolution
		WebMonitor.projitems*{2b136b29-1209-4d63-b548-79e987eb6931}*SharedItemsImports = 13
	EndGlobalSection
	GlobalSection(SolutionConfigurationPlatforms) = preSolution
		Debug|Any CPU = Debug|Any CPU
		Release|Any CPU = Release|Any CPU
	EndGlobalSection
	GlobalSection(ProjectConfigurationPlatforms) = postSolution
		{D28D3FD0-C23A-4A05-B332-D25ADA41564F}.Debug|Any CPU.ActiveCfg = Debug|Any CPU
		{D28D3FD0-C23A-4A05-B332-D25ADA41564F}.Debug|Any CPU.Build.0 = Debug|Any CPU
		{D28D3FD0-C23A-4A05-B332-D25ADA41564F}.Release|Any CPU.ActiveCfg = Release|Any CPU
		{D28D3FD0-C23A-4A05-B332-D25ADA41564F}.Release|Any CPU.Build.0 = Release|Any CPU
		{FC1EC776-F386-498D-987B-BC9E361C95B9}.Debug|Any CPU.ActiveCfg = Debug|Any CPU
		{FC1EC776-F386-498D-987B-BC9E361C95B9}.Debug|Any CPU.Build.0 = Debug|Any CPU
		{FC1EC776-F386-498D-987B-BC9E361C95B9}.Release|Any CPU.ActiveCfg = Release|Any CPU
		{FC1EC776-F386-498D-987B-BC9E361C95B9}.Release|Any CPU.Build.0 = Release|Any CPU
		{4D670885-C522-42EF-AB57-6E787985D4F8}.Debug|Any CPU.ActiveCfg = Debug|Any CPU
		{4D670885-C522-42EF-AB57-6E787985D4F8}.Debug|Any CPU.Build.0 = Debug|Any CPU
		{4D670885-C522-42EF-AB57-6E787985D4F8}.Release|Any CPU.ActiveCfg = Release|Any CPU
		{4D670885-C522-42EF-AB57-6E787985D4F8}.Release|Any CPU.Build.0 = Release|Any CPU
	EndGlobalSection
	GlobalSection(SolutionProperties) = preSolution
		HideSolutionNode = FALSE
	EndGlobalSection
	GlobalSection(ExtensibilityGlobals) = postSolution
		SolutionGuid = {021FD7F8-C0D8-4DBF-A127-C8D06FDD0CF5}
	EndGlobalSection
EndGlobal
